
Microsoft Visual Studio Solution File, Format Version 12.00
# Visual Studio Version 17
VisualStudioVersion = 17.4.33213.308
MinimumVisualStudioVersion = 10.0.40219.1
Project("{FAE04EC0-301F-11D3-BF4B-00C04F79EFBC}") = "ArraysFunctions", "ArraysFunctions\ArraysFunctions.csproj", "{079E0650-0189-480A-9455-57BB30F50197}"
EndProject
Global
	GlobalSection(SolutionConfigurationPlatforms) = preSolution
		Debug|Any CPU = Debug|Any CPU
		Release|Any CPU = Release|Any CPU
	EndGlobalSection
	GlobalSection(ProjectConfigurationPlatforms) = postSolution
		{079E0650-0189-480A-9455-57BB30F50197}.Debug|Any CPU.ActiveCfg = Debug|Any CPU
		{079E0650-0189-480A-9455-57BB30F50197}.Debug|Any CPU.Build.0 = Debug|Any CPU
		{079E0650-0189-480A-9455-57BB30F50197}.Release|Any CPU.ActiveCfg = Release|Any CPU
		{079E0650-0189-480A-9455-57BB30F50197}.Release|Any CPU.Build.0 = Release|Any CPU
	EndGlobalSection
	GlobalSection(SolutionProperties) = preSolution
		HideSolutionNode = FALSE
	EndGlobalSection
	GlobalSection(ExtensibilityGlobals) = postSolution
		SolutionGuid = {7C1A28F0-CE35-46C5-A501-0662109A6BB9}
	EndGlobalSection
EndGlobal
