
Microsoft Visual Studio Solution File, Format Version 12.00
# Visual Studio Version 17
VisualStudioVersion = 17.7.34221.43
MinimumVisualStudioVersion = 10.0.40219.1
Project("{8BC9CEB8-8B4A-11D0-8D11-00A0C91BC942}") = "BinaryInsertionSort", "BinaryInsertionSort\BinaryInsertionSort.vcxproj", "{E4E13D43-8F26-4B0C-A97A-8AF3550147B1}"
EndProject
Project("{8BC9CEB8-8B4A-11D0-8D11-00A0C91BC942}") = "QuickSort", "QuickSort\QuickSort.vcxproj", "{64853A60-DDA6-4DA4-9194-1C0CFDA2816B}"
EndProject
Project("{8BC9CEB8-8B4A-11D0-8D11-00A0C91BC942}") = "MergeSort", "MergeSort\MergeSort.vcxproj", "{1AC8A918-8CB1-4BF1-A2A1-ED6CC1069914}"
EndProject
Project("{8BC9CEB8-8B4A-11D0-8D11-00A0C91BC942}") = "HanoiTowers", "HanoiTowers\HanoiTowers.vcxproj", "{664EA2B6-EABB-4D20-8315-1E7A8E9B8EA9}"
EndProject
Project("{8BC9CEB8-8B4A-11D0-8D11-00A0C91BC942}") = "GCDRecursive", "GCDRecursive\GCDRecursive.vcxproj", "{39D23851-61A3-434F-851F-BB58C0A79394}"
EndProject
Project("{8BC9CEB8-8B4A-11D0-8D11-00A0C91BC942}") = "FactorielRecursive", "FactorielRecursive\FactorielRecursive.vcxproj", "{85AB2EE7-5C7F-4F12-8920-7CFEED96CEBC}"
EndProject
Project("{8BC9CEB8-8B4A-11D0-8D11-00A0C91BC942}") = "BinarySearch", "BinarySearch\BinarySearch.vcxproj", "{EBE49C87-CECF-474B-8EE8-64410A3A775C}"
EndProject
Global
	GlobalSection(SolutionConfigurationPlatforms) = preSolution
		Debug|x64 = Debug|x64
		Debug|x86 = Debug|x86
		Release|x64 = Release|x64
		Release|x86 = Release|x86
	EndGlobalSection
	GlobalSection(ProjectConfigurationPlatforms) = postSolution
		{E4E13D43-8F26-4B0C-A97A-8AF3550147B1}.Debug|x64.ActiveCfg = Debug|x64
		{E4E13D43-8F26-4B0C-A97A-8AF3550147B1}.Debug|x64.Build.0 = Debug|x64
		{E4E13D43-8F26-4B0C-A97A-8AF3550147B1}.Debug|x86.ActiveCfg = Debug|Win32
		{E4E13D43-8F26-4B0C-A97A-8AF3550147B1}.Debug|x86.Build.0 = Debug|Win32
		{E4E13D43-8F26-4B0C-A97A-8AF3550147B1}.Release|x64.ActiveCfg = Release|x64
		{E4E13D43-8F26-4B0C-A97A-8AF3550147B1}.Release|x64.Build.0 = Release|x64
		{E4E13D43-8F26-4B0C-A97A-8AF3550147B1}.Release|x86.ActiveCfg = Release|Win32
		{E4E13D43-8F26-4B0C-A97A-8AF3550147B1}.Release|x86.Build.0 = Release|Win32
		{64853A60-DDA6-4DA4-9194-1C0CFDA2816B}.Debug|x64.ActiveCfg = Debug|x64
		{64853A60-DDA6-4DA4-9194-1C0CFDA2816B}.Debug|x64.Build.0 = Debug|x64
		{64853A60-DDA6-4DA4-9194-1C0CFDA2816B}.Debug|x86.ActiveCfg = Debug|Win32
		{64853A60-DDA6-4DA4-9194-1C0CFDA2816B}.Debug|x86.Build.0 = Debug|Win32
		{64853A60-DDA6-4DA4-9194-1C0CFDA2816B}.Release|x64.ActiveCfg = Release|x64
		{64853A60-DDA6-4DA4-9194-1C0CFDA2816B}.Release|x64.Build.0 = Release|x64
		{64853A60-DDA6-4DA4-9194-1C0CFDA2816B}.Release|x86.ActiveCfg = Release|Win32
		{64853A60-DDA6-4DA4-9194-1C0CFDA2816B}.Release|x86.Build.0 = Release|Win32
		{1AC8A918-8CB1-4BF1-A2A1-ED6CC1069914}.Debug|x64.ActiveCfg = Debug|x64
		{1AC8A918-8CB1-4BF1-A2A1-ED6CC1069914}.Debug|x64.Build.0 = Debug|x64
		{1AC8A918-8CB1-4BF1-A2A1-ED6CC1069914}.Debug|x86.ActiveCfg = Debug|Win32
		{1AC8A918-8CB1-4BF1-A2A1-ED6CC1069914}.Debug|x86.Build.0 = Debug|Win32
		{1AC8A918-8CB1-4BF1-A2A1-ED6CC1069914}.Release|x64.ActiveCfg = Release|x64
		{1AC8A918-8CB1-4BF1-A2A1-ED6CC1069914}.Release|x64.Build.0 = Release|x64
		{1AC8A918-8CB1-4BF1-A2A1-ED6CC1069914}.Release|x86.ActiveCfg = Release|Win32
		{1AC8A918-8CB1-4BF1-A2A1-ED6CC1069914}.Release|x86.Build.0 = Release|Win32
		{664EA2B6-EABB-4D20-8315-1E7A8E9B8EA9}.Debug|x64.ActiveCfg = Debug|x64
		{664EA2B6-EABB-4D20-8315-1E7A8E9B8EA9}.Debug|x64.Build.0 = Debug|x64
		{664EA2B6-EABB-4D20-8315-1E7A8E9B8EA9}.Debug|x86.ActiveCfg = Debug|Win32
		{664EA2B6-EABB-4D20-8315-1E7A8E9B8EA9}.Debug|x86.Build.0 = Debug|Win32
		{664EA2B6-EABB-4D20-8315-1E7A8E9B8EA9}.Release|x64.ActiveCfg = Release|x64
		{664EA2B6-EABB-4D20-8315-1E7A8E9B8EA9}.Release|x64.Build.0 = Release|x64
		{664EA2B6-EABB-4D20-8315-1E7A8E9B8EA9}.Release|x86.ActiveCfg = Release|Win32
		{664EA2B6-EABB-4D20-8315-1E7A8E9B8EA9}.Release|x86.Build.0 = Release|Win32
		{39D23851-61A3-434F-851F-BB58C0A79394}.Debug|x64.ActiveCfg = Debug|x64
		{39D23851-61A3-434F-851F-BB58C0A79394}.Debug|x64.Build.0 = Debug|x64
		{39D23851-61A3-434F-851F-BB58C0A79394}.Debug|x86.ActiveCfg = Debug|Win32
		{39D23851-61A3-434F-851F-BB58C0A79394}.Debug|x86.Build.0 = Debug|Win32
		{39D23851-61A3-434F-851F-BB58C0A79394}.Release|x64.ActiveCfg = Release|x64
		{39D23851-61A3-434F-851F-BB58C0A79394}.Release|x64.Build.0 = Release|x64
		{39D23851-61A3-434F-851F-BB58C0A79394}.Release|x86.ActiveCfg = Release|Win32
		{39D23851-61A3-434F-851F-BB58C0A79394}.Release|x86.Build.0 = Release|Win32
		{85AB2EE7-5C7F-4F12-8920-7CFEED96CEBC}.Debug|x64.ActiveCfg = Debug|x64
		{85AB2EE7-5C7F-4F12-8920-7CFEED96CEBC}.Debug|x64.Build.0 = Debug|x64
		{85AB2EE7-5C7F-4F12-8920-7CFEED96CEBC}.Debug|x86.ActiveCfg = Debug|Win32
		{85AB2EE7-5C7F-4F12-8920-7CFEED96CEBC}.Debug|x86.Build.0 = Debug|Win32
		{85AB2EE7-5C7F-4F12-8920-7CFEED96CEBC}.Release|x64.ActiveCfg = Release|x64
		{85AB2EE7-5C7F-4F12-8920-7CFEED96CEBC}.Release|x64.Build.0 = Release|x64
		{85AB2EE7-5C7F-4F12-8920-7CFEED96CEBC}.Release|x86.ActiveCfg = Release|Win32
		{85AB2EE7-5C7F-4F12-8920-7CFEED96CEBC}.Release|x86.Build.0 = Release|Win32
		{EBE49C87-CECF-474B-8EE8-64410A3A775C}.Debug|x64.ActiveCfg = Debug|x64
		{EBE49C87-CECF-474B-8EE8-64410A3A775C}.Debug|x64.Build.0 = Debug|x64
		{EBE49C87-CECF-474B-8EE8-64410A3A775C}.Debug|x86.ActiveCfg = Debug|Win32
		{EBE49C87-CECF-474B-8EE8-64410A3A775C}.Debug|x86.Build.0 = Debug|Win32
		{EBE49C87-CECF-474B-8EE8-64410A3A775C}.Release|x64.ActiveCfg = Release|x64
		{EBE49C87-CECF-474B-8EE8-64410A3A775C}.Release|x64.Build.0 = Release|x64
		{EBE49C87-CECF-474B-8EE8-64410A3A775C}.Release|x86.ActiveCfg = Release|Win32
		{EBE49C87-CECF-474B-8EE8-64410A3A775C}.Release|x86.Build.0 = Release|Win32
	EndGlobalSection
	GlobalSection(SolutionProperties) = preSolution
		HideSolutionNode = FALSE
	EndGlobalSection
	GlobalSection(ExtensibilityGlobals) = postSolution
		SolutionGuid = {89CED193-B260-4D2F-8655-C00696E98E67}
	EndGlobalSection
EndGlobal
