
Microsoft Visual Studio Solution File, Format Version 12.00
# Visual Studio Version 17
VisualStudioVersion = 17.5.33516.290
MinimumVisualStudioVersion = 10.0.40219.1
Project("{8BC9CEB8-8B4A-11D0-8D11-00A0C91BC942}") = "SelectionSort", "SelectionSort\SelectionSort.vcxproj", "{F82C7314-FDD9-4EBD-BD4A-838149980A44}"
EndProject
Project("{8BC9CEB8-8B4A-11D0-8D11-00A0C91BC942}") = "FindMinValue", "FindMinValue\FindMinValue.vcxproj", "{1B061E17-1AC9-468C-BD68-7B27D4B3CF33}"
EndProject
Project("{8BC9CEB8-8B4A-11D0-8D11-00A0C91BC942}") = "SortInOtherArray", "SortInOtherArray\SortInOtherArray.vcxproj", "{5B3D23A7-D77D-41AD-9822-1C94E6119FB2}"
EndProject
Global
	GlobalSection(SolutionConfigurationPlatforms) = preSolution
		Debug|x64 = Debug|x64
		Debug|x86 = Debug|x86
		Release|x64 = Release|x64
		Release|x86 = Release|x86
	EndGlobalSection
	GlobalSection(ProjectConfigurationPlatforms) = postSolution
		{F82C7314-FDD9-4EBD-BD4A-838149980A44}.Debug|x64.ActiveCfg = Debug|x64
		{F82C7314-FDD9-4EBD-BD4A-838149980A44}.Debug|x64.Build.0 = Debug|x64
		{F82C7314-FDD9-4EBD-BD4A-838149980A44}.Debug|x86.ActiveCfg = Debug|Win32
		{F82C7314-FDD9-4EBD-BD4A-838149980A44}.Debug|x86.Build.0 = Debug|Win32
		{F82C7314-FDD9-4EBD-BD4A-838149980A44}.Release|x64.ActiveCfg = Release|x64
		{F82C7314-FDD9-4EBD-BD4A-838149980A44}.Release|x64.Build.0 = Release|x64
		{F82C7314-FDD9-4EBD-BD4A-838149980A44}.Release|x86.ActiveCfg = Release|Win32
		{F82C7314-FDD9-4EBD-BD4A-838149980A44}.Release|x86.Build.0 = Release|Win32
		{1B061E17-1AC9-468C-BD68-7B27D4B3CF33}.Debug|x64.ActiveCfg = Debug|x64
		{1B061E17-1AC9-468C-BD68-7B27D4B3CF33}.Debug|x64.Build.0 = Debug|x64
		{1B061E17-1AC9-468C-BD68-7B27D4B3CF33}.Debug|x86.ActiveCfg = Debug|Win32
		{1B061E17-1AC9-468C-BD68-7B27D4B3CF33}.Debug|x86.Build.0 = Debug|Win32
		{1B061E17-1AC9-468C-BD68-7B27D4B3CF33}.Release|x64.ActiveCfg = Release|x64
		{1B061E17-1AC9-468C-BD68-7B27D4B3CF33}.Release|x64.Build.0 = Release|x64
		{1B061E17-1AC9-468C-BD68-7B27D4B3CF33}.Release|x86.ActiveCfg = Release|Win32
		{1B061E17-1AC9-468C-BD68-7B27D4B3CF33}.Release|x86.Build.0 = Release|Win32
		{5B3D23A7-D77D-41AD-9822-1C94E6119FB2}.Debug|x64.ActiveCfg = Debug|x64
		{5B3D23A7-D77D-41AD-9822-1C94E6119FB2}.Debug|x64.Build.0 = Debug|x64
		{5B3D23A7-D77D-41AD-9822-1C94E6119FB2}.Debug|x86.ActiveCfg = Debug|Win32
		{5B3D23A7-D77D-41AD-9822-1C94E6119FB2}.Debug|x86.Build.0 = Debug|Win32
		{5B3D23A7-D77D-41AD-9822-1C94E6119FB2}.Release|x64.ActiveCfg = Release|x64
		{5B3D23A7-D77D-41AD-9822-1C94E6119FB2}.Release|x64.Build.0 = Release|x64
		{5B3D23A7-D77D-41AD-9822-1C94E6119FB2}.Release|x86.ActiveCfg = Release|Win32
		{5B3D23A7-D77D-41AD-9822-1C94E6119FB2}.Release|x86.Build.0 = Release|Win32
	EndGlobalSection
	GlobalSection(SolutionProperties) = preSolution
		HideSolutionNode = FALSE
	EndGlobalSection
	GlobalSection(ExtensibilityGlobals) = postSolution
		SolutionGuid = {297A0FB2-C1A3-47B0-BB66-76745DB8DC22}
	EndGlobalSection
EndGlobal
