
Microsoft Visual Studio Solution File, Format Version 12.00
# Visual Studio Version 17
VisualStudioVersion = 17.5.33516.290
MinimumVisualStudioVersion = 10.0.40219.1
Project("{FAE04EC0-301F-11D3-BF4B-00C04F79EFBC}") = "StringToNumbersCharsSubstrings", "StringToNumbersCharsSubstrings\StringToNumbersCharsSubstrings.csproj", "{BC688809-39A1-47DB-A59B-6D9B6201C78A}"
EndProject
Global
	GlobalSection(SolutionConfigurationPlatforms) = preSolution
		Debug|Any CPU = Debug|Any CPU
		Release|Any CPU = Release|Any CPU
	EndGlobalSection
	GlobalSection(ProjectConfigurationPlatforms) = postSolution
		{BC688809-39A1-47DB-A59B-6D9B6201C78A}.Debug|Any CPU.ActiveCfg = Debug|Any CPU
		{BC688809-39A1-47DB-A59B-6D9B6201C78A}.Debug|Any CPU.Build.0 = Debug|Any CPU
		{BC688809-39A1-47DB-A59B-6D9B6201C78A}.Release|Any CPU.ActiveCfg = Release|Any CPU
		{BC688809-39A1-47DB-A59B-6D9B6201C78A}.Release|Any CPU.Build.0 = Release|Any CPU
	EndGlobalSection
	GlobalSection(SolutionProperties) = preSolution
		HideSolutionNode = FALSE
	EndGlobalSection
	GlobalSection(ExtensibilityGlobals) = postSolution
		SolutionGuid = {FE711D62-218D-4D98-B60F-722B33476451}
	EndGlobalSection
EndGlobal
