
Microsoft Visual Studio Solution File, Format Version 12.00
# Visual Studio Version 17
VisualStudioVersion = 17.5.33516.290
MinimumVisualStudioVersion = 10.0.40219.1
Project("{FAE04EC0-301F-11D3-BF4B-00C04F79EFBC}") = "StructureOfPerfumes", "StructureOfPerfumes\StructureOfPerfumes.csproj", "{69E05C8E-5639-479D-804B-315511CA2036}"
EndProject
Global
	GlobalSection(SolutionConfigurationPlatforms) = preSolution
		Debug|Any CPU = Debug|Any CPU
		Release|Any CPU = Release|Any CPU
	EndGlobalSection
	GlobalSection(ProjectConfigurationPlatforms) = postSolution
		{69E05C8E-5639-479D-804B-315511CA2036}.Debug|Any CPU.ActiveCfg = Debug|Any CPU
		{69E05C8E-5639-479D-804B-315511CA2036}.Debug|Any CPU.Build.0 = Debug|Any CPU
		{69E05C8E-5639-479D-804B-315511CA2036}.Release|Any CPU.ActiveCfg = Release|Any CPU
		{69E05C8E-5639-479D-804B-315511CA2036}.Release|Any CPU.Build.0 = Release|Any CPU
	EndGlobalSection
	GlobalSection(SolutionProperties) = preSolution
		HideSolutionNode = FALSE
	EndGlobalSection
	GlobalSection(ExtensibilityGlobals) = postSolution
		SolutionGuid = {C3408F2E-255A-418C-A052-B5F8F3CAA995}
	EndGlobalSection
EndGlobal
